// !$*UTF8*$!
{
	archiveVersion = 1;
	classes = {
	};
	objectVersion = 50;
	objects = {

/* Begin PBXBuildFile section */
		384170FE24899928009BDA59 /* AppDelegate.swift in Sources */ = {isa = PBXBuildFile; fileRef = 384170FD24899928009BDA59 /* AppDelegate.swift */; };
		3841710024899928009BDA59 /* SceneDelegate.swift in Sources */ = {isa = PBXBuildFile; fileRef = 384170FF24899928009BDA59 /* SceneDelegate.swift */; };
		3841710224899928009BDA59 /* ViewController.swift in Sources */ = {isa = PBXBuildFile; fileRef = 3841710124899928009BDA59 /* ViewController.swift */; };
		3841710524899928009BDA59 /* Main.storyboard in Resources */ = {isa = PBXBuildFile; fileRef = 3841710324899928009BDA59 /* Main.storyboard */; };
		384171072489992A009BDA59 /* Assets.xcassets in Resources */ = {isa = PBXBuildFile; fileRef = 384171062489992A009BDA59 /* Assets.xcassets */; };
		3841710A2489992A009BDA59 /* LaunchScreen.storyboard in Resources */ = {isa = PBXBuildFile; fileRef = 384171082489992A009BDA59 /* LaunchScreen.storyboard */; };
		384171122489A305009BDA59 /* Recipe.swift in Sources */ = {isa = PBXBuildFile; fileRef = 384171112489A305009BDA59 /* Recipe.swift */; };
		38AC43432489E8D400665606 /* RecipeCell.swift in Sources */ = {isa = PBXBuildFile; fileRef = 38AC43422489E8D400665606 /* RecipeCell.swift */; };
/* End PBXBuildFile section */

/* Begin PBXFileReference section */
		384170FA24899928009BDA59 /* recetas.app */ = {isa = PBXFileReference; explicitFileType = wrapper.application; includeInIndex = 0; path = recetas.app; sourceTree = BUILT_PRODUCTS_DIR; };
		384170FD24899928009BDA59 /* AppDelegate.swift */ = {isa = PBXFileReference; lastKnownFileType = sourcecode.swift; path = AppDelegate.swift; sourceTree = "<group>"; };
		384170FF24899928009BDA59 /* SceneDelegate.swift */ = {isa = PBXFileReference; lastKnownFileType = sourcecode.swift; path = SceneDelegate.swift; sourceTree = "<group>"; };
		3841710124899928009BDA59 /* ViewController.swift */ = {isa = PBXFileReference; lastKnownFileType = sourcecode.swift; path = ViewController.swift; sourceTree = "<group>"; };
		3841710424899928009BDA59 /* Base */ = {isa = PBXFileReference; lastKnownFileType = file.storyboard; name = Base; path = Base.lproj/Main.storyboard; sourceTree = "<group>"; };
		384171062489992A009BDA59 /* Assets.xcassets */ = {isa = PBXFileReference; lastKnownFileType = folder.assetcatalog; path = Assets.xcassets; sourceTree = "<group>"; };
		384171092489992A009BDA59 /* Base */ = {isa = PBXFileReference; lastKnownFileType = file.storyboard; name = Base; path = Base.lproj/LaunchScreen.storyboard; sourceTree = "<group>"; };
		3841710B2489992A009BDA59 /* Info.plist */ = {isa = PBXFileReference; lastKnownFileType = text.plist.xml; path = Info.plist; sourceTree = "<group>"; };
		384171112489A305009BDA59 /* Recipe.swift */ = {isa = PBXFileReference; lastKnownFileType = sourcecode.swift; path = Recipe.swift; sourceTree = "<group>"; };
		38AC43422489E8D400665606 /* RecipeCell.swift */ = {isa = PBXFileReference; lastKnownFileType = sourcecode.swift; path = RecipeCell.swift; sourceTree = "<group>"; };
/* End PBXFileReference section */

/* Begin PBXFrameworksBuildPhase section */
		384170F724899928009BDA59 /* Frameworks */ = {
			isa = PBXFrameworksBuildPhase;
			buildActionMask = 2147483647;
			files = (
			);
			runOnlyForDeploymentPostprocessing = 0;
		};
/* End PBXFrameworksBuildPhase section */

/* Begin PBXGroup section */
		384170F124899928009BDA59 = {
			isa = PBXGroup;
			children = (
				384170FC24899928009BDA59 /* recetas */,
				384170FB24899928009BDA59 /* Products */,
			);
			sourceTree = "<group>";
		};
		384170FB24899928009BDA59 /* Products */ = {
			isa = PBXGroup;
			children = (
				384170FA24899928009BDA59 /* recetas.app */,
			);
			name = Products;
			sourceTree = "<group>";
		};
		384170FC24899928009BDA59 /* recetas */ = {
			isa = PBXGroup;
			children = (
				384170FD24899928009BDA59 /* AppDelegate.swift */,
				384170FF24899928009BDA59 /* SceneDelegate.swift */,
				3841710124899928009BDA59 /* ViewController.swift */,
				384171112489A305009BDA59 /* Recipe.swift */,
				3841710324899928009BDA59 /* Main.storyboard */,
				384171062489992A009BDA59 /* Assets.xcassets */,
				384171082489992A009BDA59 /* LaunchScreen.storyboard */,
				3841710B2489992A009BDA59 /* Info.plist */,
				38AC43422489E8D400665606 /* RecipeCell.swift */,
			);
			path = recetas;
			sourceTree = "<group>";
		};
/* End PBXGroup section */

/* Begin PBXNativeTarget section */
		384170F924899928009BDA59 /* recetas */ = {
			isa = PBXNativeTarget;
			buildConfigurationList = 3841710E2489992A009BDA59 /* Build configuration list for PBXNativeTarget "recetas" */;
			buildPhases = (
				384170F624899928009BDA59 /* Sources */,
				384170F724899928009BDA59 /* Frameworks */,
				384170F824899928009BDA59 /* Resources */,
			);
			buildRules = (
			);
			dependencies = (
			);
			name = recetas;
			productName = recetas;
			productReference = 384170FA24899928009BDA59 /* recetas.app */;
			productType = "com.apple.product-type.application";
		};
/* End PBXNativeTarget section */

/* Begin PBXProject section */
		384170F224899928009BDA59 /* Project object */ = {
			isa = PBXProject;
			attributes = {
				LastSwiftUpdateCheck = 1110;
				LastUpgradeCheck = 1110;
				ORGANIZATIONNAME = "Orlando Abaunza Ubaque";
				TargetAttributes = {
					384170F924899928009BDA59 = {
						CreatedOnToolsVersion = 11.1;
					};
				};
			};
			buildConfigurationList = 384170F524899928009BDA59 /* Build configuration list for PBXProject "recetas" */;
			compatibilityVersion = "Xcode 9.3";
			developmentRegion = en;
			hasScannedForEncodings = 0;
			knownRegions = (
				en,
				Base,
			);
			mainGroup = 384170F124899928009BDA59;
			productRefGroup = 384170FB24899928009BDA59 /* Products */;
			projectDirPath = "";
			projectRoot = "";
			targets = (
				384170F924899928009BDA59 /* recetas */,
			);
		};
/* End PBXProject section */

/* Begin PBXResourcesBuildPhase section */
		384170F824899928009BDA59 /* Resources */ = {
			isa = PBXResourcesBuildPhase;
			buildActionMask = 2147483647;
			files = (
				3841710A2489992A009BDA59 /* LaunchScreen.storyboard in Resources */,
				384171072489992A009BDA59 /* Assets.xcassets in Resources */,
				3841710524899928009BDA59 /* Main.storyboard in Resources */,
			);
			runOnlyForDeploymentPostprocessing = 0;
		};
/* End PBXResourcesBuildPhase section */

/* Begin PBXSourcesBuildPhase section */
		384170F624899928009BDA59 /* Sources */ = {
			isa = PBXSourcesBuildPhase;
			buildActionMask = 2147483647;
			files = (
				3841710224899928009BDA59 /* ViewController.swift in Sources */,
				384170FE24899928009BDA59 /* AppDelegate.swift in Sources */,
				38AC43432489E8D400665606 /* RecipeCell.swift in Sources */,
				3841710024899928009BDA59 /* SceneDelegate.swift in Sources */,
				384171122489A305009BDA59 /* Recipe.swift in Sources */,
			);
			runOnlyForDeploymentPostprocessing = 0;
		};
/* End PBXSourcesBuildPhase section */

/* Begin PBXVariantGroup section */
		3841710324899928009BDA59 /* Main.storyboard */ = {
			isa = PBXVariantGroup;
			children = (
				3841710424899928009BDA59 /* Base */,
			);
			name = Main.storyboard;
			sourceTree = "<group>";
		};
		384171082489992A009BDA59 /* LaunchScreen.storyboard */ = {
			isa = PBXVariantGroup;
			children = (
				384171092489992A009BDA59 /* Base */,
			);
			name = LaunchScreen.storyboard;
			sourceTree = "<group>";
		};
/* End PBXVariantGroup section */

/* Begin XCBuildConfiguration section */
		3841710C2489992A009BDA59 /* Debug */ = {
			isa = XCBuildConfiguration;
			buildSettings = {
				ALWAYS_SEARCH_USER_PATHS = NO;
				CLANG_ANALYZER_NONNULL = YES;
				CLANG_ANALYZER_NUMBER_OBJECT_CONVERSION = YES_AGGRESSIVE;
				CLANG_CXX_LANGUAGE_STANDARD = "gnu++14";
				CLANG_CXX_LIBRARY = "libc++";
				CLANG_ENABLE_MODULES = YES;
				CLANG_ENABLE_OBJC_ARC = YES;
				CLANG_ENABLE_OBJC_WEAK = YES;
				CLANG_WARN_BLOCK_CAPTURE_AUTORELEASING = YES;
				CLANG_WARN_BOOL_CONVERSION = YES;
				CLANG_WARN_COMMA = YES;
				CLANG_WARN_CONSTANT_CONVERSION = YES;
				CLANG_WARN_DEPRECATED_OBJC_IMPLEMENTATIONS = YES;
				CLANG_WARN_DIRECT_OBJC_ISA_USAGE = YES_ERROR;
				CLANG_WARN_DOCUMENTATION_COMMENTS = YES;
				CLANG_WARN_EMPTY_BODY = YES;
				CLANG_WARN_ENUM_CONVERSION = YES;
				CLANG_WARN_INFINITE_RECURSION = YES;
				CLANG_WARN_INT_CONVERSION = YES;
				CLANG_WARN_NON_LITERAL_NULL_CONVERSION = YES;
				CLANG_WARN_OBJC_IMPLICIT_RETAIN_SELF = YES;
				CLANG_WARN_OBJC_LITERAL_CONVERSION = YES;
				CLANG_WARN_OBJC_ROOT_CLASS = YES_ERROR;
				CLANG_WARN_RANGE_LOOP_ANALYSIS = YES;
				CLANG_WARN_STRICT_PROTOTYPES = YES;
				CLANG_WARN_SUSPICIOUS_MOVE = YES;
				CLANG_WARN_UNGUARDED_AVAILABILITY = YES_AGGRESSIVE;
				CLANG_WARN_UNREACHABLE_CODE = YES;
				CLANG_WARN__DUPLICATE_METHOD_MATCH = YES;
				COPY_PHASE_STRIP = NO;
				DEBUG_INFORMATION_FORMAT = dwarf;
				ENABLE_STRICT_OBJC_MSGSEND = YES;
				ENABLE_TESTABILITY = YES;
				GCC_C_LANGUAGE_STANDARD = gnu11;
				GCC_DYNAMIC_NO_PIC = NO;
				GCC_NO_COMMON_BLOCKS = YES;
				GCC_OPTIMIZATION_LEVEL = 0;
				GCC_PREPROCESSOR_DEFINITIONS = (
					"DEBUG=1",
					"$(inherited)",
				);
				GCC_WARN_64_TO_32_BIT_CONVERSION = YES;
				GCC_WARN_ABOUT_RETURN_TYPE = YES_ERROR;
				GCC_WARN_UNDECLARED_SELECTOR = YES;
				GCC_WARN_UNINITIALIZED_AUTOS = YES_AGGRESSIVE;
				GCC_WARN_UNUSED_FUNCTION = YES;
				GCC_WARN_UNUSED_VARIABLE = YES;
				IPHONEOS_DEPLOYMENT_TARGET = 13.1;
				MTL_ENABLE_DEBUG_INFO = INCLUDE_SOURCE;
				MTL_FAST_MATH = YES;
				ONLY_ACTIVE_ARCH = YES;
				SDKROOT = iphoneos;
				SWIFT_ACTIVE_COMPILATION_CONDITIONS = DEBUG;
				SWIFT_OPTIMIZATION_LEVEL = "-Onone";
			};
			name = Debug;
		};
		3841710D2489992A009BDA59 /* Release */ = {
			isa = XCBuildConfiguration;
			buildSettings = {
				ALWAYS_SEARCH_USER_PATHS = NO;
				CLANG_ANALYZER_NONNULL = YES;
				CLANG_ANALYZER_NUMBER_OBJECT_CONVERSION = YES_AGGRESSIVE;
				CLANG_CXX_LANGUAGE_STANDARD = "gnu++14";
				CLANG_CXX_LIBRARY = "libc++";
				CLANG_ENABLE_MODULES = YES;
				CLANG_ENABLE_OBJC_ARC = YES;
				CLANG_ENABLE_OBJC_WEAK = YES;
				CLANG_WARN_BLOCK_CAPTURE_AUTORELEASING = YES;
				CLANG_WARN_BOOL_CONVERSION = YES;
				CLANG_WARN_COMMA = YES;
				CLANG_WARN_CONSTANT_CONVERSION = YES;
				CLANG_WARN_DEPRECATED_OBJC_IMPLEMENTATIONS = YES;
				CLANG_WARN_DIRECT_OBJC_ISA_USAGE = YES_ERROR;
				CLANG_WARN_DOCUMENTATION_COMMENTS = YES;
				CLANG_WARN_EMPTY_BODY = YES;
				CLANG_WARN_ENUM_CONVERSION = YES;
				CLANG_WARN_INFINITE_RECURSION = YES;
				CLANG_WARN_INT_CONVERSION = YES;
				CLANG_WARN_NON_LITERAL_NULL_CONVERSION = YES;
				CLANG_WARN_OBJC_IMPLICIT_RETAIN_SELF = YES;
				CLANG_WARN_OBJC_LITERAL_CONVERSION = YES;
				CLANG_WARN_OBJC_ROOT_CLASS = YES_ERROR;
				CLANG_WARN_RANGE_LOOP_ANALYSIS = YES;
				CLANG_WARN_STRICT_PROTOTYPES = YES;
				CLANG_WARN_SUSPICIOUS_MOVE = YES;
				CLANG_WARN_UNGUARDED_AVAILABILITY = YES_AGGRESSIVE;
				CLANG_WARN_UNREACHABLE_CODE = YES;
				CLANG_WARN__DUPLICATE_METHOD_MATCH = YES;
				COPY_PHASE_STRIP = NO;
				DEBUG_INFORMATION_FORMAT = "dwarf-with-dsym";
				ENABLE_NS_ASSERTIONS = NO;
				ENABLE_STRICT_OBJC_MSGSEND = YES;
				GCC_C_LANGUAGE_STANDARD = gnu11;
				GCC_NO_COMMON_BLOCKS = YES;
				GCC_WARN_64_TO_32_BIT_CONVERSION = YES;
				GCC_WARN_ABOUT_RETURN_TYPE = YES_ERROR;
				GCC_WARN_UNDECLARED_SELECTOR = YES;
				GCC_WARN_UNINITIALIZED_AUTOS = YES_AGGRESSIVE;
				GCC_WARN_UNUSED_FUNCTION = YES;
				GCC_WARN_UNUSED_VARIABLE = YES;
				IPHONEOS_DEPLOYMENT_TARGET = 13.1;
				MTL_ENABLE_DEBUG_INFO = NO;
				MTL_FAST_MATH = YES;
				SDKROOT = iphoneos;
				SWIFT_COMPILATION_MODE = wholemodule;
				SWIFT_OPTIMIZATION_LEVEL = "-O";
				VALIDATE_PRODUCT = YES;
			};
			name = Release;
		};
		3841710F2489992A009BDA59 /* Debug */ = {
			isa = XCBuildConfiguration;
			buildSettings = {
				ASSETCATALOG_COMPILER_APPICON_NAME = AppIcon;
				CODE_SIGN_STYLE = Automatic;
				INFOPLIST_FILE = recetas/Info.plist;
				LD_RUNPATH_SEARCH_PATHS = (
					"$(inherited)",
					"@executable_path/Frameworks",
				);
				PRODUCT_BUNDLE_IDENTIFIER = AbaunzaCorp.recetas;
				PRODUCT_NAME = "$(TARGET_NAME)";
				SWIFT_VERSION = 5.0;
				TARGETED_DEVICE_FAMILY = "1,2";
			};
			name = Debug;
		};
		384171102489992A009BDA59 /* Release */ = {
			isa = XCBuildConfiguration;
			buildSettings = {
				ASSETCATALOG_COMPILER_APPICON_NAME = AppIcon;
				CODE_SIGN_STYLE = Automatic;
				INFOPLIST_FILE = recetas/Info.plist;
				LD_RUNPATH_SEARCH_PATHS = (
					"$(inherited)",
					"@executable_path/Frameworks",
				);
				PRODUCT_BUNDLE_IDENTIFIER = AbaunzaCorp.recetas;
				PRODUCT_NAME = "$(TARGET_NAME)";
				SWIFT_VERSION = 5.0;
				TARGETED_DEVICE_FAMILY = "1,2";
			};
			name = Release;
		};
/* End XCBuildConfiguration section */

/* Begin XCConfigurationList section */
		384170F524899928009BDA59 /* Build configuration list for PBXProject "recetas" */ = {
			isa = XCConfigurationList;
			buildConfigurations = (
				3841710C2489992A009BDA59 /* Debug */,
				3841710D2489992A009BDA59 /* Release */,
			);
			defaultConfigurationIsVisible = 0;
			defaultConfigurationName = Release;
		};
		3841710E2489992A009BDA59 /* Build configuration list for PBXNativeTarget "recetas" */ = {
			isa = XCConfigurationList;
			buildConfigurations = (
				3841710F2489992A009BDA59 /* Debug */,
				384171102489992A009BDA59 /* Release */,
			);
			defaultConfigurationIsVisible = 0;
			defaultConfigurationName = Release;
		};
/* End XCConfigurationList section */
	};
	rootObject = 384170F224899928009BDA59 /* Project object */;
}
